
Microsoft Visual Studio Solution File, Format Version 12.00
# Visual Studio Version 17
VisualStudioVersion = 17.8.34309.116
MinimumVisualStudioVersion = 10.0.40219.1
Project("{9A19103F-16F7-4668-BE54-9A1E7A4F7556}") = "AspNetCoreMVCSigIn", "AspNetCoreMVCSigIn\AspNetCoreMVCSigIn.csproj", "{877F2F05-B5D2-4CA4-803B-C3494F834126}"
EndProject
Project("{FAE04EC0-301F-11D3-BF4B-00C04F79EFBC}") = "Infrastructure", "Infrastructure\Infrastructure.csproj", "{6B7DD2F9-2A70-48E3-880F-211ABAD5F6C6}"
EndProject
Global
	GlobalSection(SolutionConfigurationPlatforms) = preSolution
		Debug|Any CPU = Debug|Any CPU
		Release|Any CPU = Release|Any CPU
	EndGlobalSection
	GlobalSection(ProjectConfigurationPlatforms) = postSolution
		{877F2F05-B5D2-4CA4-803B-C3494F834126}.Debug|Any CPU.ActiveCfg = Debug|Any CPU
		{877F2F05-B5D2-4CA4-803B-C3494F834126}.Debug|Any CPU.Build.0 = Debug|Any CPU
		{877F2F05-B5D2-4CA4-803B-C3494F834126}.Release|Any CPU.ActiveCfg = Release|Any CPU
		{877F2F05-B5D2-4CA4-803B-C3494F834126}.Release|Any CPU.Build.0 = Release|Any CPU
		{6B7DD2F9-2A70-48E3-880F-211ABAD5F6C6}.Debug|Any CPU.ActiveCfg = Debug|Any CPU
		{6B7DD2F9-2A70-48E3-880F-211ABAD5F6C6}.Debug|Any CPU.Build.0 = Debug|Any CPU
		{6B7DD2F9-2A70-48E3-880F-211ABAD5F6C6}.Release|Any CPU.ActiveCfg = Release|Any CPU
		{6B7DD2F9-2A70-48E3-880F-211ABAD5F6C6}.Release|Any CPU.Build.0 = Release|Any CPU
	EndGlobalSection
	GlobalSection(SolutionProperties) = preSolution
		HideSolutionNode = FALSE
	EndGlobalSection
	GlobalSection(ExtensibilityGlobals) = postSolution
		SolutionGuid = {506723F6-59D5-4598-8409-8CF88A51FC57}
	EndGlobalSection
EndGlobal
